
Microsoft Visual Studio Solution File, Format Version 12.00
# Visual Studio Version 17
VisualStudioVersion = 17.0.31611.283
MinimumVisualStudioVersion = 10.0.40219.1
Project("{9A19103F-16F7-4668-BE54-9A1E7A4F7556}") = "TeveApp.Main", "TeveApp\TeveApp.Main.csproj", "{1CC9F0B0-E4C6-4515-A896-72CA339EF41C}"
EndProject
Project("{9A19103F-16F7-4668-BE54-9A1E7A4F7556}") = "TeveApp.View", "TeveApp.View\TeveApp.View.csproj", "{1361329B-A0D8-40B9-838F-596C6F1BE702}"
EndProject
Project("{FAE04EC0-301F-11D3-BF4B-00C04F79EFBC}") = "TeveApp.ViewModel", "TeveApp.ViewModel\TeveApp.ViewModel.csproj", "{3E651A7B-32CB-4413-9603-F3C8F527090F}"
EndProject
Project("{FAE04EC0-301F-11D3-BF4B-00C04F79EFBC}") = "TeveApp.Shared", "TeveApp.Shared\TeveApp.Shared.csproj", "{3BBC662D-CD44-4293-B17D-3CB4A584EF3F}"
EndProject
Project("{FAE04EC0-301F-11D3-BF4B-00C04F79EFBC}") = "TeveApp.Controls", "TeveApp.Controls\TeveApp.Controls.csproj", "{84C6E69C-F683-4F6B-B5A6-B1887E27CF65}"
EndProject
Global
	GlobalSection(SolutionConfigurationPlatforms) = preSolution
		Debug|Any CPU = Debug|Any CPU
		Release|Any CPU = Release|Any CPU
	EndGlobalSection
	GlobalSection(ProjectConfigurationPlatforms) = postSolution
		{1CC9F0B0-E4C6-4515-A896-72CA339EF41C}.Debug|Any CPU.ActiveCfg = Debug|Any CPU
		{1CC9F0B0-E4C6-4515-A896-72CA339EF41C}.Debug|Any CPU.Build.0 = Debug|Any CPU
		{1CC9F0B0-E4C6-4515-A896-72CA339EF41C}.Debug|Any CPU.Deploy.0 = Debug|Any CPU
		{1CC9F0B0-E4C6-4515-A896-72CA339EF41C}.Release|Any CPU.ActiveCfg = Release|Any CPU
		{1CC9F0B0-E4C6-4515-A896-72CA339EF41C}.Release|Any CPU.Build.0 = Release|Any CPU
		{1CC9F0B0-E4C6-4515-A896-72CA339EF41C}.Release|Any CPU.Deploy.0 = Release|Any CPU
		{1361329B-A0D8-40B9-838F-596C6F1BE702}.Debug|Any CPU.ActiveCfg = Debug|Any CPU
		{1361329B-A0D8-40B9-838F-596C6F1BE702}.Debug|Any CPU.Build.0 = Debug|Any CPU
		{1361329B-A0D8-40B9-838F-596C6F1BE702}.Release|Any CPU.ActiveCfg = Release|Any CPU
		{1361329B-A0D8-40B9-838F-596C6F1BE702}.Release|Any CPU.Build.0 = Release|Any CPU
		{3E651A7B-32CB-4413-9603-F3C8F527090F}.Debug|Any CPU.ActiveCfg = Debug|Any CPU
		{3E651A7B-32CB-4413-9603-F3C8F527090F}.Debug|Any CPU.Build.0 = Debug|Any CPU
		{3E651A7B-32CB-4413-9603-F3C8F527090F}.Release|Any CPU.ActiveCfg = Release|Any CPU
		{3E651A7B-32CB-4413-9603-F3C8F527090F}.Release|Any CPU.Build.0 = Release|Any CPU
		{3BBC662D-CD44-4293-B17D-3CB4A584EF3F}.Debug|Any CPU.ActiveCfg = Debug|Any CPU
		{3BBC662D-CD44-4293-B17D-3CB4A584EF3F}.Debug|Any CPU.Build.0 = Debug|Any CPU
		{3BBC662D-CD44-4293-B17D-3CB4A584EF3F}.Release|Any CPU.ActiveCfg = Release|Any CPU
		{3BBC662D-CD44-4293-B17D-3CB4A584EF3F}.Release|Any CPU.Build.0 = Release|Any CPU
		{84C6E69C-F683-4F6B-B5A6-B1887E27CF65}.Debug|Any CPU.ActiveCfg = Debug|Any CPU
		{84C6E69C-F683-4F6B-B5A6-B1887E27CF65}.Debug|Any CPU.Build.0 = Debug|Any CPU
		{84C6E69C-F683-4F6B-B5A6-B1887E27CF65}.Release|Any CPU.ActiveCfg = Release|Any CPU
		{84C6E69C-F683-4F6B-B5A6-B1887E27CF65}.Release|Any CPU.Build.0 = Release|Any CPU
	EndGlobalSection
	GlobalSection(SolutionProperties) = preSolution
		HideSolutionNode = FALSE
	EndGlobalSection
	GlobalSection(ExtensibilityGlobals) = postSolution
		SolutionGuid = {61F7FB11-1E47-470C-91E2-47F8143E1572}
	EndGlobalSection
EndGlobal
