
Microsoft Visual Studio Solution File, Format Version 12.00
# Visual Studio Version 17
VisualStudioVersion = 17.3.32519.111
MinimumVisualStudioVersion = 10.0.40219.1
Project("{FAE04EC0-301F-11D3-BF4B-00C04F79EFBC}") = "TeveApp.View", "TeveApp.View\TeveApp.View.csproj", "{C0273AF1-0BAB-4BF3-BC15-292064425C4D}"
EndProject
Global
	GlobalSection(SolutionConfigurationPlatforms) = preSolution
		Debug|Any CPU = Debug|Any CPU
		Release|Any CPU = Release|Any CPU
	EndGlobalSection
	GlobalSection(ProjectConfigurationPlatforms) = postSolution
		{C0273AF1-0BAB-4BF3-BC15-292064425C4D}.Debug|Any CPU.ActiveCfg = Debug|Any CPU
		{C0273AF1-0BAB-4BF3-BC15-292064425C4D}.Debug|Any CPU.Build.0 = Debug|Any CPU
		{C0273AF1-0BAB-4BF3-BC15-292064425C4D}.Release|Any CPU.ActiveCfg = Release|Any CPU
		{C0273AF1-0BAB-4BF3-BC15-292064425C4D}.Release|Any CPU.Build.0 = Release|Any CPU
	EndGlobalSection
	GlobalSection(SolutionProperties) = preSolution
		HideSolutionNode = FALSE
	EndGlobalSection
	GlobalSection(ExtensibilityGlobals) = postSolution
		SolutionGuid = {440AC953-215F-4092-A6C3-E57299867459}
	EndGlobalSection
EndGlobal
